[[package]]
name = "cachetools"
version = "4.2.4"
description = "Extensible memoizing collections and decorators"
category = "main"
optional = false
python-versions = "~=3.5"

[[package]]
name = "certifi"
version = "2021.10.8"
description = "Python package for providing Mozilla's CA Bundle."
category = "main"
optional = false
python-versions = "*"

[[package]]
name = "charset-normalizer"
version = "2.0.10"
description = "The Real First Universal Charset Detector. Open, modern and actively maintained alternative to Chardet."
category = "main"
optional = false
python-versions = ">=3.5.0"

[package.extras]
unicode_backport = ["unicodedata2"]

[[package]]
name = "google-api-core"
version = "2.4.0"
description = "Google API client core library"
category = "main"
optional = false
python-versions = ">=3.6"

[package.dependencies]
google-auth = ">=1.25.0,<3.0dev"
googleapis-common-protos = ">=1.52.0,<2.0dev"
protobuf = ">=3.12.0"
requests = ">=2.18.0,<3.0.0dev"
setuptools = ">=40.3.0"

[package.extras]
grpc = ["grpcio (>=1.33.2,<2.0dev)", "grpcio-status (>=1.33.2,<2.0dev)"]
grpcgcp = ["grpcio-gcp (>=0.2.2)"]
grpcio-gcp = ["grpcio-gcp (>=0.2.2)"]

[[package]]
name = "google-api-python-client"
version = "2.35.0"
description = "Google API Client Library for Python"
category = "main"
optional = false
python-versions = ">=3.6"

[package.dependencies]
google-api-core = ">=1.21.0,<3.0.0dev"
google-auth = ">=1.16.0,<3.0.0dev"
google-auth-httplib2 = ">=0.1.0"
httplib2 = ">=0.15.0,<1dev"
uritemplate = ">=3.0.1,<5"

[[package]]
name = "google-auth"
version = "2.3.3"
description = "Google Authentication Library"
category = "main"
optional = false
python-versions = ">=2.7,!=3.0.*,!=3.1.*,!=3.2.*,!=3.3.*,!=3.4.*,!=3.5.*"

[package.dependencies]
cachetools = ">=2.0.0,<5.0"
pyasn1-modules = ">=0.2.1"
rsa = {version = ">=3.1.4,<5", markers = "python_version >= \"3.6\""}
setuptools = ">=40.3.0"
six = ">=1.9.0"

[package.extras]
aiohttp = ["aiohttp (>=3.6.2,<4.0.0dev)", "requests (>=2.20.0,<3.0.0dev)"]
pyopenssl = ["pyopenssl (>=20.0.0)"]
reauth = ["pyu2f (>=0.1.5)"]

[[package]]
name = "google-auth-httplib2"
version = "0.1.0"
description = "Google Authentication Library: httplib2 transport"
category = "main"
optional = false
python-versions = "*"

[package.dependencies]
google-auth = "*"
httplib2 = ">=0.15.0"
six = "*"

[[package]]
name = "googleapis-common-protos"
version = "1.54.0"
description = "Common protobufs used in Google APIs"
category = "main"
optional = false
python-versions = ">=3.6"

[package.dependencies]
protobuf = ">=3.12.0"

[package.extras]
grpc = ["grpcio (>=1.0.0)"]

[[package]]
name = "httplib2"
version = "0.20.2"
description = "A comprehensive HTTP client library."
category = "main"
optional = false
python-versions = ">=2.7, !=3.0.*, !=3.1.*, !=3.2.*, !=3.3.*"

[package.dependencies]
pyparsing = {version = ">=2.4.2,<3.0.0 || >3.0.0,<3.0.1 || >3.0.1,<3.0.2 || >3.0.2,<3.0.3 || >3.0.3,<4", markers = "python_version > \"3.0\""}

[[package]]
name = "idna"
version = "3.3"
description = "Internationalized Domain Names in Applications (IDNA)"
category = "main"
optional = false
python-versions = ">=3.5"

[[package]]
name = "oauth2client"
version = "4.1.3"
description = "OAuth 2.0 client library"
category = "main"
optional = false
python-versions = "*"

[package.dependencies]
httplib2 = ">=0.9.1"
pyasn1 = ">=0.1.7"
pyasn1-modules = ">=0.0.5"
rsa = ">=3.1.4"
six = ">=1.6.1"

[[package]]
name = "parsedatetime"
version = "2.6"
description = "Parse human-readable date/time text."
category = "main"
optional = false
python-versions = "*"

[[package]]
name = "protobuf"
version = "3.19.5"
description = "Protocol Buffers"
category = "main"
optional = false
python-versions = ">=3.5"

[[package]]
name = "pyasn1"
version = "0.4.8"
description = "ASN.1 types and codecs"
category = "main"
optional = false
python-versions = "*"

[[package]]
name = "pyasn1-modules"
version = "0.2.8"
description = "A collection of ASN.1-based protocols modules."
category = "main"
optional = false
python-versions = "*"

[package.dependencies]
pyasn1 = ">=0.4.6,<0.5.0"

[[package]]
name = "pyparsing"
version = "3.0.6"
description = "Python parsing module"
category = "main"
optional = false
python-versions = ">=3.6"

[package.extras]
diagrams = ["jinja2", "railroad-diagrams"]

[[package]]
name = "python-dateutil"
version = "2.8.2"
description = "Extensions to the standard Python datetime module"
category = "main"
optional = false
python-versions = "!=3.0.*,!=3.1.*,!=3.2.*,>=2.7"

[package.dependencies]
six = ">=1.5"

[[package]]
name = "requests"
version = "2.27.1"
description = "Python HTTP for Humans."
category = "main"
optional = false
python-versions = ">=2.7, !=3.0.*, !=3.1.*, !=3.2.*, !=3.3.*, !=3.4.*, !=3.5.*"

[package.dependencies]
certifi = ">=2017.4.17"
charset-normalizer = {version = ">=2.0.0,<2.1.0", markers = "python_version >= \"3\""}
idna = {version = ">=2.5,<4", markers = "python_version >= \"3\""}
urllib3 = ">=1.21.1,<1.27"

[package.extras]
socks = ["PySocks (>=1.5.6,!=1.5.7)", "win-inet-pton"]
use_chardet_on_py3 = ["chardet (>=3.0.2,<5)"]

[[package]]
name = "rsa"
version = "4.8"
description = "Pure-Python RSA implementation"
category = "main"
optional = false
python-versions = ">=3.6,<4"

[package.dependencies]
pyasn1 = ">=0.1.3"

[[package]]
name = "setuptools"
version = "59.6.0"
description = "Easily download, build, install, upgrade, and uninstall Python packages"
category = "main"
optional = false
python-versions = ">=3.6"

[package.extras]
docs = ["furo", "jaraco.packaging (>=8.2)", "jaraco.tidelift (>=1.4)", "pygments-github-lexers (==0.0.5)", "rst.linker (>=1.9)", "sphinx", "sphinx-inline-tabs", "sphinxcontrib-towncrier"]
testing = ["flake8-2020", "jaraco.envs (>=2.2)", "jaraco.path (>=3.2.0)", "mock", "paver", "pip (>=19.1)", "pytest (>=6)", "pytest-black (>=0.3.7)", "pytest-checkdocs (>=2.4)", "pytest-cov", "pytest-enabler (>=1.0.1)", "pytest-flake8", "pytest-mypy", "pytest-virtualenv (>=1.2.7)", "pytest-xdist", "sphinx", "virtualenv (>=13.0.0)", "wheel"]

[[package]]
name = "six"
version = "1.16.0"
description = "Python 2 and 3 compatibility utilities"
category = "main"
optional = false
python-versions = ">=2.7, !=3.0.*, !=3.1.*, !=3.2.*"

[[package]]
name = "uritemplate"
version = "4.1.1"
description = "Implementation of RFC 6570 URI Templates"
category = "main"
optional = false
python-versions = ">=3.6"

[[package]]
name = "urllib3"
version = "1.26.8"
description = "HTTP library with thread-safe connection pooling, file post, and more."
category = "main"
optional = false
python-versions = ">=2.7, !=3.0.*, !=3.1.*, !=3.2.*, !=3.3.*, !=3.4.*, <4"

[package.extras]
brotli = ["brotlipy (>=0.6.0)"]
secure = ["certifi", "cryptography (>=1.3.4)", "idna (>=2.0.0)", "ipaddress", "pyOpenSSL (>=0.14)"]
socks = ["PySocks (>=1.5.6,!=1.5.7,<2.0)"]

[metadata]
lock-version = "1.1"
python-versions = "^3.6"
content-hash = "7de1c8f4fcd03ad8d2b571935ca7ade033df50c39ea1bae4434211ef05781041"

[metadata.files]
cachetools = [
    {file = "cachetools-4.2.4-py3-none-any.whl", hash = "sha256:92971d3cb7d2a97efff7c7bb1657f21a8f5fb309a37530537c71b1774189f2d1"},
    {file = "cachetools-4.2.4.tar.gz", hash = "sha256:89ea6f1b638d5a73a4f9226be57ac5e4f399d22770b92355f92dcb0f7f001693"},
]
certifi = [
    {file = "certifi-2021.10.8-py2.py3-none-any.whl", hash = "sha256:d62a0163eb4c2344ac042ab2bdf75399a71a2d8c7d47eac2e2ee91b9d6339569"},
    {file = "certifi-2021.10.8.tar.gz", hash = "sha256:78884e7c1d4b00ce3cea67b44566851c4343c120abd683433ce934a68ea58872"},
]
charset-normalizer = [
    {file = "charset-normalizer-2.0.10.tar.gz", hash = "sha256:876d180e9d7432c5d1dfd4c5d26b72f099d503e8fcc0feb7532c9289be60fcbd"},
    {file = "charset_normalizer-2.0.10-py3-none-any.whl", hash = "sha256:cb957888737fc0bbcd78e3df769addb41fd1ff8cf950dc9e7ad7793f1bf44455"},
]
google-api-core = [
    {file = "google-api-core-2.4.0.tar.gz", hash = "sha256:ba8787b7c61632cd0340f095e1c036bef9426b2594f10afb290ba311ae8cb2cb"},
    {file = "google_api_core-2.4.0-py2.py3-none-any.whl", hash = "sha256:58e2c1171a3d51778bf4e428fbb4bf79cbd05007b4b44deaa80cf73c80eebc0f"},
]
google-api-python-client = [
    {file = "google-api-python-client-2.35.0.tar.gz", hash = "sha256:038b12979ea86ef0e33962bd33f955c337bc28f0471522bd27a801d52bfb4ae2"},
    {file = "google_api_python_client-2.35.0-py2.py3-none-any.whl", hash = "sha256:30ccd570ce0018dfc604438cc1e72d215f0d3d5844318729d29a1392ef131056"},
]
google-auth = [
    {file = "google-auth-2.3.3.tar.gz", hash = "sha256:d83570a664c10b97a1dc6f8df87e5fdfff012f48f62be131e449c20dfc32630e"},
    {file = "google_auth-2.3.3-py2.py3-none-any.whl", hash = "sha256:a348a50b027679cb7dae98043ac8dbcc1d7951f06d8387496071a1e05a2465c0"},
]
google-auth-httplib2 = [
    {file = "google-auth-httplib2-0.1.0.tar.gz", hash = "sha256:a07c39fd632becacd3f07718dfd6021bf396978f03ad3ce4321d060015cc30ac"},
    {file = "google_auth_httplib2-0.1.0-py2.py3-none-any.whl", hash = "sha256:31e49c36c6b5643b57e82617cb3e021e3e1d2df9da63af67252c02fa9c1f4a10"},
]
googleapis-common-protos = [
    {file = "googleapis-common-protos-1.54.0.tar.gz", hash = "sha256:a4031d6ec6c2b1b6dc3e0be7e10a1bd72fb0b18b07ef9be7b51f2c1004ce2437"},
    {file = "googleapis_common_protos-1.54.0-py2.py3-none-any.whl", hash = "sha256:e54345a2add15dc5e1a7891c27731ff347b4c33765d79b5ed7026a6c0c7cbcae"},
]
httplib2 = [
    {file = "httplib2-0.20.2-py3-none-any.whl", hash = "sha256:6b937120e7d786482881b44b8eec230c1ee1c5c1d06bce8cc865f25abbbf713b"},
    {file = "httplib2-0.20.2.tar.gz", hash = "sha256:e404681d2fbcec7506bcb52c503f2b021e95bee0ef7d01e5c221468a2406d8dc"},
]
idna = [
    {file = "idna-3.3-py3-none-any.whl", hash = "sha256:84d9dd047ffa80596e0f246e2eab0b391788b0503584e8945f2368256d2735ff"},
    {file = "idna-3.3.tar.gz", hash = "sha256:9d643ff0a55b762d5cdb124b8eaa99c66322e2157b69160bc32796e824360e6d"},
]
oauth2client = [
    {file = "oauth2client-4.1.3-py2.py3-none-any.whl", hash = "sha256:b8a81cc5d60e2d364f0b1b98f958dbd472887acaf1a5b05e21c28c31a2d6d3ac"},
    {file = "oauth2client-4.1.3.tar.gz", hash = "sha256:d486741e451287f69568a4d26d70d9acd73a2bbfa275746c535b4209891cccc6"},
]
parsedatetime = [
    {file = "parsedatetime-2.6-py3-none-any.whl", hash = "sha256:cb96edd7016872f58479e35879294258c71437195760746faffedb692aef000b"},
    {file = "parsedatetime-2.6.tar.gz", hash = "sha256:4cb368fbb18a0b7231f4d76119165451c8d2e35951455dfee97c62a87b04d455"},
]
protobuf = [
    {file = "protobuf-3.19.5-cp310-cp310-macosx_10_9_universal2.whl", hash = "sha256:6eca9ae238ba615d702387a2ddea635d535d769994a9968c09a4ca920c487ab9"},
    {file = "protobuf-3.19.5-cp310-cp310-manylinux2014_aarch64.whl", hash = "sha256:f2b599a21c9a32e171ec29a2ac54e03297736c578698e11b099d031f79da114b"},
    {file = "protobuf-3.19.5-cp310-cp310-manylinux_2_17_x86_64.manylinux2014_x86_64.whl", hash = "sha256:f976234e20ab2785f54224bcdafa027674e23663b132fa3ca0caa291a6cfbde7"},
    {file = "protobuf-3.19.5-cp310-cp310-win32.whl", hash = "sha256:4ee2af7051d3b10c8a4fe6fd1a2c69f201fea36aeee7086cf202a692e1b99ee1"},
    {file = "protobuf-3.19.5-cp310-cp310-win_amd64.whl", hash = "sha256:dca2284378a5f2a86ffed35c6ac147d14c48b525eefcd1083e5a9ce28dfa8657"},
    {file = "protobuf-3.19.5-cp36-cp36m-macosx_10_9_x86_64.whl", hash = "sha256:c0f80876a8ff0ae7064084ed094eb86497bd5a3812e6fc96a05318b92301674e"},
    {file = "protobuf-3.19.5-cp36-cp36m-manylinux_2_17_x86_64.manylinux2014_x86_64.whl", hash = "sha256:3c4160b601220627f7e91154e572baf5e161a9c3f445a8242d536ee3d0b7b17c"},
    {file = "protobuf-3.19.5-cp36-cp36m-win32.whl", hash = "sha256:f2bde37667b18c2b5280df83bc799204394a5d2d774e4deaf9de0eb741df6833"},
    {file = "protobuf-3.19.5-cp36-cp36m-win_amd64.whl", hash = "sha256:1867f93b06a183f87696871bb8d1e99ee71dbb69d468ce1f0cc8bf3d30f982f3"},
    {file = "protobuf-3.19.5-cp37-cp37m-macosx_10_9_x86_64.whl", hash = "sha256:a89aa0c042e61e11ade320b802d6db4ee5391d8d973e46d3a48172c1597789f8"},
    {file = "protobuf-3.19.5-cp37-cp37m-manylinux2014_aarch64.whl", hash = "sha256:f9cebda093c2f6bfed88f1c17cdade09d4d96096421b344026feee236532d4de"},
    {file = "protobuf-3.19.5-cp37-cp37m-manylinux_2_17_x86_64.manylinux2014_x86_64.whl", hash = "sha256:67efb5d20618020aa9596e17bfc37ca068c28ec0c1507d9507f73c93d46c9855"},
    {file = "protobuf-3.19.5-cp37-cp37m-win32.whl", hash = "sha256:950abd6c00e7b51f87ae8b18a0ce4d69fea217f62f171426e77de5061f6d9850"},
    {file = "protobuf-3.19.5-cp37-cp37m-win_amd64.whl", hash = "sha256:d3973a2d58aefc7d1230725c2447ce7f86a71cbc094b86a77c6ee1505ac7cdb1"},
    {file = "protobuf-3.19.5-cp38-cp38-macosx_10_9_x86_64.whl", hash = "sha256:9e1d74032f56ff25f417cfe84c8147047732e5059137ca42efad20cbbd25f5e0"},
    {file = "protobuf-3.19.5-cp38-cp38-manylinux2014_aarch64.whl", hash = "sha256:d249519ba5ecf5dd6b18150c9b6bcde510b273714b696f3923ff8308fc11ae49"},
    {file = "protobuf-3.19.5-cp38-cp38-manylinux_2_17_x86_64.manylinux2014_x86_64.whl", hash = "sha256:9f957ef53e872d58a0afd3bf6d80d48535d28c99b40e75e6634cbc33ea42fd54"},
    {file = "protobuf-3.19.5-cp38-cp38-win32.whl", hash = "sha256:5470f892961af464ae6eaf0f3099e2c1190ae8c7f36f174b89491281341f79ca"},
    {file = "protobuf-3.19.5-cp38-cp38-win_amd64.whl", hash = "sha256:c44e3282cff74ad18c7e8a0375f407f69ee50c2116364b44492a196293e08b21"},
    {file = "protobuf-3.19.5-cp39-cp39-macosx_10_9_x86_64.whl", hash = "sha256:66d14b5b90090353efe75c9fb1bf65ef7267383034688d255b500822e37d5c2f"},
    {file = "protobuf-3.19.5-cp39-cp39-manylinux2014_aarch64.whl", hash = "sha256:f4f909f4dde413dec435a44b0894956d55bb928ded7d6e3c726556ca4c796e84"},
    {file = "protobuf-3.19.5-cp39-cp39-manylinux_2_17_x86_64.manylinux2014_x86_64.whl", hash = "sha256:5266c36cc0af3bb3dbf44f199d225b33da66a9a5c3bdc2b14865ad10eddf0e37"},
    {file = "protobuf-3.19.5-cp39-cp39-win32.whl", hash = "sha256:6a02172b9650f819d01fb8e224fc69b0706458fc1ab4f1c669281243c71c1a5e"},
    {file = "protobuf-3.19.5-cp39-cp39-win_amd64.whl", hash = "sha256:696e6cfab94cc15a14946f2bf72719dced087d437adbd994fff34f38986628bc"},
    {file = "protobuf-3.19.5-py2.py3-none-any.whl", hash = "sha256:9e42b1cf2ecd8a1bd161239e693f22035ba99905ae6d7efeac8a0546c7ec1a27"},
    {file = "protobuf-3.19.5.tar.gz", hash = "sha256:e63b0b3c42e51c94add62b010366cd4979cb6d5f06158bcae8faac4c294f91e1"},
]
pyasn1 = [
    {file = "pyasn1-0.4.8-py2.py3-none-any.whl", hash = "sha256:39c7e2ec30515947ff4e87fb6f456dfc6e84857d34be479c9d4a4ba4bf46aa5d"},
    {file = "pyasn1-0.4.8.tar.gz", hash = "sha256:aef77c9fb94a3ac588e87841208bdec464471d9871bd5050a287cc9a475cd0ba"},
]
pyasn1-modules = [
    {file = "pyasn1-modules-0.2.8.tar.gz", hash = "sha256:905f84c712230b2c592c19470d3ca8d552de726050d1d1716282a1f6146be65e"},
    {file = "pyasn1_modules-0.2.8-py2.py3-none-any.whl", hash = "sha256:a50b808ffeb97cb3601dd25981f6b016cbb3d31fbf57a8b8a87428e6158d0c74"},
]
pyparsing = [
    {file = "pyparsing-3.0.6-py3-none-any.whl", hash = "sha256:04ff808a5b90911829c55c4e26f75fa5ca8a2f5f36aa3a51f68e27033341d3e4"},
    {file = "pyparsing-3.0.6.tar.gz", hash = "sha256:d9bdec0013ef1eb5a84ab39a3b3868911598afa494f5faa038647101504e2b81"},
]
python-dateutil = [
    {file = "python-dateutil-2.8.2.tar.gz", hash = "sha256:0123cacc1627ae19ddf3c27a5de5bd67ee4586fbdd6440d9748f8abb483d3e86"},
    {file = "python_dateutil-2.8.2-py2.py3-none-any.whl", hash = "sha256:961d03dc3453ebbc59dbdea9e4e11c5651520a876d0f4db161e8674aae935da9"},
]
requests = [
    {file = "requests-2.27.1-py2.py3-none-any.whl", hash = "sha256:f22fa1e554c9ddfd16e6e41ac79759e17be9e492b3587efa038054674760e72d"},
    {file = "requests-2.27.1.tar.gz", hash = "sha256:68d7c56fd5a8999887728ef304a6d12edc7be74f1cfa47714fc8b414525c9a61"},
]
rsa = [
    {file = "rsa-4.8-py3-none-any.whl", hash = "sha256:95c5d300c4e879ee69708c428ba566c59478fd653cc3a22243eeb8ed846950bb"},
    {file = "rsa-4.8.tar.gz", hash = "sha256:5c6bd9dc7a543b7fe4304a631f8a8a3b674e2bbfc49c2ae96200cdbe55df6b17"},
]
setuptools = [
    {file = "setuptools-59.6.0-py3-none-any.whl", hash = "sha256:4ce92f1e1f8f01233ee9952c04f6b81d1e02939d6e1b488428154974a4d0783e"},
    {file = "setuptools-59.6.0.tar.gz", hash = "sha256:22c7348c6d2976a52632c67f7ab0cdf40147db7789f9aed18734643fe9cf3373"},
]
six = [
    {file = "six-1.16.0-py2.py3-none-any.whl", hash = "sha256:8abb2f1d86890a2dfb989f9a77cfcfd3e47c2a354b01111771326f8aa26e0254"},
    {file = "six-1.16.0.tar.gz", hash = "sha256:1e61c37477a1626458e36f7b1d82aa5c9b094fa4802892072e49de9c60c4c926"},
]
uritemplate = [
    {file = "uritemplate-4.1.1-py2.py3-none-any.whl", hash = "sha256:830c08b8d99bdd312ea4ead05994a38e8936266f84b9a7878232db50b044e02e"},
    {file = "uritemplate-4.1.1.tar.gz", hash = "sha256:4346edfc5c3b79f694bccd6d6099a322bbeb628dbf2cd86eea55a456ce5124f0"},
]
urllib3 = [
    {file = "urllib3-1.26.8-py2.py3-none-any.whl", hash = "sha256:000ca7f471a233c2251c6c7023ee85305721bfdf18621ebff4fd17a8653427ed"},
    {file = "urllib3-1.26.8.tar.gz", hash = "sha256:0e7c33d9a63e7ddfcb86780aac87befc2fbddf46c58dbb487e0855f7ceec283c"},
]
